
Microsoft Visual Studio Solution File, Format Version 12.00
# Visual Studio Version 17
VisualStudioVersion = 17.2.32630.192
MinimumVisualStudioVersion = 10.0.40219.1
Project("{FAE04EC0-301F-11D3-BF4B-00C04F79EFBC}") = "DemoCodeFirst", "DemoCodeFirst\DemoCodeFirst.csproj", "{7ED31F5F-F615-438E-8D6F-5A82B21A3621}"
EndProject
Global
	GlobalSection(SolutionConfigurationPlatforms) = preSolution
		Debug|Any CPU = Debug|Any CPU
		Release|Any CPU = Release|Any CPU
	EndGlobalSection
	GlobalSection(ProjectConfigurationPlatforms) = postSolution
		{7ED31F5F-F615-438E-8D6F-5A82B21A3621}.Debug|Any CPU.ActiveCfg = Debug|Any CPU
		{7ED31F5F-F615-438E-8D6F-5A82B21A3621}.Debug|Any CPU.Build.0 = Debug|Any CPU
		{7ED31F5F-F615-438E-8D6F-5A82B21A3621}.Release|Any CPU.ActiveCfg = Release|Any CPU
		{7ED31F5F-F615-438E-8D6F-5A82B21A3621}.Release|Any CPU.Build.0 = Release|Any CPU
	EndGlobalSection
	GlobalSection(SolutionProperties) = preSolution
		HideSolutionNode = FALSE
	EndGlobalSection
	GlobalSection(ExtensibilityGlobals) = postSolution
		SolutionGuid = {B0C2C1E8-D223-43A0-A85A-6D05B98F0296}
	EndGlobalSection
EndGlobal
